// !$*UTF8*$!
{
	archiveVersion = 1;
	classes = {
	};
	objectVersion = 50;
	objects = {

/* Begin PBXBuildFile section */
		93CB225621EF736900C4FD02 /* Info.plist in Resources */ = {isa = PBXBuildFile; fileRef = 93CB225521EF736900C4FD02 /* Info.plist */; };
		93EF0F9021EE112900C44DF2 /* RootTableViewController.swift in Sources */ = {isa = PBXBuildFile; fileRef = 93EF0F8F21EE112900C44DF2 /* RootTableViewController.swift */; };
		93EF0F9321EE114A00C44DF2 /* Adventure.swift in Sources */ = {isa = PBXBuildFile; fileRef = 93EF0F9221EE114A00C44DF2 /* Adventure.swift */; };
		93EF0F9521EE115500C44DF2 /* Credits.swift in Sources */ = {isa = PBXBuildFile; fileRef = 93EF0F9421EE115500C44DF2 /* Credits.swift */; };
		93EF0F9721EE116100C44DF2 /* StoryNode.swift in Sources */ = {isa = PBXBuildFile; fileRef = 93EF0F9621EE116100C44DF2 /* StoryNode.swift */; };
		93EF0F9921EE116D00C44DF2 /* Connection.swift in Sources */ = {isa = PBXBuildFile; fileRef = 93EF0F9821EE116D00C44DF2 /* Connection.swift */; };
		93FC7E9F21EB8ADE00104642 /* AppDelegate.swift in Sources */ = {isa = PBXBuildFile; fileRef = 93FC7E9E21EB8ADE00104642 /* AppDelegate.swift */; };
		93FC7EA121EB8ADE00104642 /* StoryNodeViewController.swift in Sources */ = {isa = PBXBuildFile; fileRef = 93FC7EA021EB8ADE00104642 /* StoryNodeViewController.swift */; };
		93FC7EA421EB8ADE00104642 /* Main.storyboard in Resources */ = {isa = PBXBuildFile; fileRef = 93FC7EA221EB8ADE00104642 /* Main.storyboard */; };
		93FC7EA721EB8ADE00104642 /* MYOA.xcdatamodeld in Sources */ = {isa = PBXBuildFile; fileRef = 93FC7EA521EB8ADE00104642 /* MYOA.xcdatamodeld */; };
		93FC7EA921EB8AE000104642 /* Assets.xcassets in Resources */ = {isa = PBXBuildFile; fileRef = 93FC7EA821EB8AE000104642 /* Assets.xcassets */; };
		93FC7EAC21EB8AE000104642 /* LaunchScreen.storyboard in Resources */ = {isa = PBXBuildFile; fileRef = 93FC7EAA21EB8AE000104642 /* LaunchScreen.storyboard */; };
		93FC7EB721EB8AE000104642 /* MYOATests.swift in Sources */ = {isa = PBXBuildFile; fileRef = 93FC7EB621EB8AE000104642 /* MYOATests.swift */; };
		93FC7ED221EB926E00104642 /* Stranger.plist in Resources */ = {isa = PBXBuildFile; fileRef = 93FC7ECD21EB926D00104642 /* Stranger.plist */; };
		93FC7ED321EB926E00104642 /* HauntedHouse.plist in Resources */ = {isa = PBXBuildFile; fileRef = 93FC7ECE21EB926E00104642 /* HauntedHouse.plist */; };
		93FC7ED421EB926E00104642 /* Harp.plist in Resources */ = {isa = PBXBuildFile; fileRef = 93FC7ECF21EB926E00104642 /* Harp.plist */; };
		93FC7ED621EB926E00104642 /* Tiger.plist in Resources */ = {isa = PBXBuildFile; fileRef = 93FC7ED121EB926E00104642 /* Tiger.plist */; };
/* End PBXBuildFile section */

/* Begin PBXContainerItemProxy section */
		93FC7EB321EB8AE000104642 /* PBXContainerItemProxy */ = {
			isa = PBXContainerItemProxy;
			containerPortal = 93FC7E9321EB8ADE00104642 /* Project object */;
			proxyType = 1;
			remoteGlobalIDString = 93FC7E9A21EB8ADE00104642;
			remoteInfo = MYOA;
		};
/* End PBXContainerItemProxy section */

/* Begin PBXFileReference section */
		93CB225521EF736900C4FD02 /* Info.plist */ = {isa = PBXFileReference; fileEncoding = 4; lastKnownFileType = text.plist.xml; path = Info.plist; sourceTree = "<group>"; };
		93EF0F8F21EE112900C44DF2 /* RootTableViewController.swift */ = {isa = PBXFileReference; lastKnownFileType = sourcecode.swift; path = RootTableViewController.swift; sourceTree = "<group>"; };
		93EF0F9221EE114A00C44DF2 /* Adventure.swift */ = {isa = PBXFileReference; lastKnownFileType = sourcecode.swift; path = Adventure.swift; sourceTree = "<group>"; };
		93EF0F9421EE115500C44DF2 /* Credits.swift */ = {isa = PBXFileReference; lastKnownFileType = sourcecode.swift; path = Credits.swift; sourceTree = "<group>"; };
		93EF0F9621EE116100C44DF2 /* StoryNode.swift */ = {isa = PBXFileReference; lastKnownFileType = sourcecode.swift; path = StoryNode.swift; sourceTree = "<group>"; wrapsLines = 0; };
		93EF0F9821EE116D00C44DF2 /* Connection.swift */ = {isa = PBXFileReference; lastKnownFileType = sourcecode.swift; path = Connection.swift; sourceTree = "<group>"; };
		93FC7E9B21EB8ADE00104642 /* MYOA.app */ = {isa = PBXFileReference; explicitFileType = wrapper.application; includeInIndex = 0; path = MYOA.app; sourceTree = BUILT_PRODUCTS_DIR; };
		93FC7E9E21EB8ADE00104642 /* AppDelegate.swift */ = {isa = PBXFileReference; lastKnownFileType = sourcecode.swift; path = AppDelegate.swift; sourceTree = "<group>"; };
		93FC7EA021EB8ADE00104642 /* StoryNodeViewController.swift */ = {isa = PBXFileReference; lastKnownFileType = sourcecode.swift; path = StoryNodeViewController.swift; sourceTree = "<group>"; };
		93FC7EA321EB8ADE00104642 /* Base */ = {isa = PBXFileReference; lastKnownFileType = file.storyboard; name = Base; path = Base.lproj/Main.storyboard; sourceTree = "<group>"; };
		93FC7EA621EB8ADE00104642 /* MYOA.xcdatamodel */ = {isa = PBXFileReference; lastKnownFileType = wrapper.xcdatamodel; path = MYOA.xcdatamodel; sourceTree = "<group>"; };
		93FC7EA821EB8AE000104642 /* Assets.xcassets */ = {isa = PBXFileReference; lastKnownFileType = folder.assetcatalog; path = Assets.xcassets; sourceTree = "<group>"; };
		93FC7EAB21EB8AE000104642 /* Base */ = {isa = PBXFileReference; lastKnownFileType = file.storyboard; name = Base; path = Base.lproj/LaunchScreen.storyboard; sourceTree = "<group>"; };
		93FC7EB221EB8AE000104642 /* MYOATests.xctest */ = {isa = PBXFileReference; explicitFileType = wrapper.cfbundle; includeInIndex = 0; path = MYOATests.xctest; sourceTree = BUILT_PRODUCTS_DIR; };
		93FC7EB621EB8AE000104642 /* MYOATests.swift */ = {isa = PBXFileReference; lastKnownFileType = sourcecode.swift; path = MYOATests.swift; sourceTree = "<group>"; };
		93FC7EB821EB8AE000104642 /* Info.plist */ = {isa = PBXFileReference; lastKnownFileType = text.plist.xml; path = Info.plist; sourceTree = "<group>"; };
		93FC7ECD21EB926D00104642 /* Stranger.plist */ = {isa = PBXFileReference; fileEncoding = 4; lastKnownFileType = text.plist.xml; path = Stranger.plist; sourceTree = "<group>"; };
		93FC7ECE21EB926E00104642 /* HauntedHouse.plist */ = {isa = PBXFileReference; fileEncoding = 4; lastKnownFileType = text.plist.xml; path = HauntedHouse.plist; sourceTree = "<group>"; };
		93FC7ECF21EB926E00104642 /* Harp.plist */ = {isa = PBXFileReference; fileEncoding = 4; lastKnownFileType = text.plist.xml; path = Harp.plist; sourceTree = "<group>"; };
		93FC7ED121EB926E00104642 /* Tiger.plist */ = {isa = PBXFileReference; fileEncoding = 4; lastKnownFileType = text.plist.xml; path = Tiger.plist; sourceTree = "<group>"; };
/* End PBXFileReference section */

/* Begin PBXFrameworksBuildPhase section */
		93FC7E9821EB8ADE00104642 /* Frameworks */ = {
			isa = PBXFrameworksBuildPhase;
			buildActionMask = 2147483647;
			files = (
			);
			runOnlyForDeploymentPostprocessing = 0;
		};
		93FC7EAF21EB8AE000104642 /* Frameworks */ = {
			isa = PBXFrameworksBuildPhase;
			buildActionMask = 2147483647;
			files = (
			);
			runOnlyForDeploymentPostprocessing = 0;
		};
/* End PBXFrameworksBuildPhase section */

/* Begin PBXGroup section */
		93EF0F9121EE113600C44DF2 /* Model */ = {
			isa = PBXGroup;
			children = (
				93EF0F9221EE114A00C44DF2 /* Adventure.swift */,
				93EF0F9421EE115500C44DF2 /* Credits.swift */,
				93EF0F9621EE116100C44DF2 /* StoryNode.swift */,
				93EF0F9821EE116D00C44DF2 /* Connection.swift */,
			);
			path = Model;
			sourceTree = "<group>";
		};
		93FC7E9221EB8ADE00104642 = {
			isa = PBXGroup;
			children = (
				93FC7E9D21EB8ADE00104642 /* MYOA */,
				93FC7EB521EB8AE000104642 /* MYOATests */,
				93FC7E9C21EB8ADE00104642 /* Products */,
			);
			sourceTree = "<group>";
		};
		93FC7E9C21EB8ADE00104642 /* Products */ = {
			isa = PBXGroup;
			children = (
				93FC7E9B21EB8ADE00104642 /* MYOA.app */,
				93FC7EB221EB8AE000104642 /* MYOATests.xctest */,
			);
			name = Products;
			sourceTree = "<group>";
		};
		93FC7E9D21EB8ADE00104642 /* MYOA */ = {
			isa = PBXGroup;
			children = (
				93FC7E9E21EB8ADE00104642 /* AppDelegate.swift */,
				93FC7EA021EB8ADE00104642 /* StoryNodeViewController.swift */,
				93EF0F8F21EE112900C44DF2 /* RootTableViewController.swift */,
				93EF0F9121EE113600C44DF2 /* Model */,
				93FC7EA221EB8ADE00104642 /* Main.storyboard */,
				93FC7EA821EB8AE000104642 /* Assets.xcassets */,
				93FC7EAA21EB8AE000104642 /* LaunchScreen.storyboard */,
				93FC7EA521EB8ADE00104642 /* MYOA.xcdatamodeld */,
				93FC7EC521EB8B9900104642 /* Supporting Files */,
			);
			path = MYOA;
			sourceTree = "<group>";
		};
		93FC7EB521EB8AE000104642 /* MYOATests */ = {
			isa = PBXGroup;
			children = (
				93FC7EB621EB8AE000104642 /* MYOATests.swift */,
				93FC7EB821EB8AE000104642 /* Info.plist */,
			);
			path = MYOATests;
			sourceTree = "<group>";
		};
		93FC7EC521EB8B9900104642 /* Supporting Files */ = {
			isa = PBXGroup;
			children = (
				93FC7ECF21EB926E00104642 /* Harp.plist */,
				93FC7ECE21EB926E00104642 /* HauntedHouse.plist */,
				93FC7ECD21EB926D00104642 /* Stranger.plist */,
				93FC7ED121EB926E00104642 /* Tiger.plist */,
				93CB225521EF736900C4FD02 /* Info.plist */,
			);
			path = "Supporting Files";
			sourceTree = "<group>";
		};
/* End PBXGroup section */

/* Begin PBXNativeTarget section */
		93FC7E9A21EB8ADE00104642 /* MYOA */ = {
			isa = PBXNativeTarget;
			buildConfigurationList = 93FC7EBB21EB8AE000104642 /* Build configuration list for PBXNativeTarget "MYOA" */;
			buildPhases = (
				93FC7E9721EB8ADE00104642 /* Sources */,
				93FC7E9821EB8ADE00104642 /* Frameworks */,
				93FC7E9921EB8ADE00104642 /* Resources */,
			);
			buildRules = (
			);
			dependencies = (
			);
			name = MYOA;
			productName = MYOA;
			productReference = 93FC7E9B21EB8ADE00104642 /* MYOA.app */;
			productType = "com.apple.product-type.application";
		};
		93FC7EB121EB8AE000104642 /* MYOATests */ = {
			isa = PBXNativeTarget;
			buildConfigurationList = 93FC7EBE21EB8AE000104642 /* Build configuration list for PBXNativeTarget "MYOATests" */;
			buildPhases = (
				93FC7EAE21EB8AE000104642 /* Sources */,
				93FC7EAF21EB8AE000104642 /* Frameworks */,
				93FC7EB021EB8AE000104642 /* Resources */,
			);
			buildRules = (
			);
			dependencies = (
				93FC7EB421EB8AE000104642 /* PBXTargetDependency */,
			);
			name = MYOATests;
			productName = MYOATests;
			productReference = 93FC7EB221EB8AE000104642 /* MYOATests.xctest */;
			productType = "com.apple.product-type.bundle.unit-test";
		};
/* End PBXNativeTarget section */

/* Begin PBXProject section */
		93FC7E9321EB8ADE00104642 /* Project object */ = {
			isa = PBXProject;
			attributes = {
				LastSwiftUpdateCheck = 1010;
				LastUpgradeCheck = 1010;
				ORGANIZATIONNAME = Geek;
				TargetAttributes = {
					93FC7E9A21EB8ADE00104642 = {
						CreatedOnToolsVersion = 10.1;
					};
					93FC7EB121EB8AE000104642 = {
						CreatedOnToolsVersion = 10.1;
						TestTargetID = 93FC7E9A21EB8ADE00104642;
					};
				};
			};
			buildConfigurationList = 93FC7E9621EB8ADE00104642 /* Build configuration list for PBXProject "MYOA" */;
			compatibilityVersion = "Xcode 9.3";
			developmentRegion = en;
			hasScannedForEncodings = 0;
			knownRegions = (
				en,
				Base,
			);
			mainGroup = 93FC7E9221EB8ADE00104642;
			productRefGroup = 93FC7E9C21EB8ADE00104642 /* Products */;
			projectDirPath = "";
			projectRoot = "";
			targets = (
				93FC7E9A21EB8ADE00104642 /* MYOA */,
				93FC7EB121EB8AE000104642 /* MYOATests */,
			);
		};
/* End PBXProject section */

/* Begin PBXResourcesBuildPhase section */
		93FC7E9921EB8ADE00104642 /* Resources */ = {
			isa = PBXResourcesBuildPhase;
			buildActionMask = 2147483647;
			files = (
				93CB225621EF736900C4FD02 /* Info.plist in Resources */,
				93FC7ED621EB926E00104642 /* Tiger.plist in Resources */,
				93FC7EAC21EB8AE000104642 /* LaunchScreen.storyboard in Resources */,
				93FC7EA921EB8AE000104642 /* Assets.xcassets in Resources */,
				93FC7ED221EB926E00104642 /* Stranger.plist in Resources */,
				93FC7ED421EB926E00104642 /* Harp.plist in Resources */,
				93FC7ED321EB926E00104642 /* HauntedHouse.plist in Resources */,
				93FC7EA421EB8ADE00104642 /* Main.storyboard in Resources */,
			);
			runOnlyForDeploymentPostprocessing = 0;
		};
		93FC7EB021EB8AE000104642 /* Resources */ = {
			isa = PBXResourcesBuildPhase;
			buildActionMask = 2147483647;
			files = (
			);
			runOnlyForDeploymentPostprocessing = 0;
		};
/* End PBXResourcesBuildPhase section */

/* Begin PBXSourcesBuildPhase section */
		93FC7E9721EB8ADE00104642 /* Sources */ = {
			isa = PBXSourcesBuildPhase;
			buildActionMask = 2147483647;
			files = (
				93FC7EA121EB8ADE00104642 /* StoryNodeViewController.swift in Sources */,
				93FC7E9F21EB8ADE00104642 /* AppDelegate.swift in Sources */,
				93FC7EA721EB8ADE00104642 /* MYOA.xcdatamodeld in Sources */,
				93EF0F9921EE116D00C44DF2 /* Connection.swift in Sources */,
				93EF0F9321EE114A00C44DF2 /* Adventure.swift in Sources */,
				93EF0F9521EE115500C44DF2 /* Credits.swift in Sources */,
				93EF0F9721EE116100C44DF2 /* StoryNode.swift in Sources */,
				93EF0F9021EE112900C44DF2 /* RootTableViewController.swift in Sources */,
			);
			runOnlyForDeploymentPostprocessing = 0;
		};
		93FC7EAE21EB8AE000104642 /* Sources */ = {
			isa = PBXSourcesBuildPhase;
			buildActionMask = 2147483647;
			files = (
				93FC7EB721EB8AE000104642 /* MYOATests.swift in Sources */,
			);
			runOnlyForDeploymentPostprocessing = 0;
		};
/* End PBXSourcesBuildPhase section */

/* Begin PBXTargetDependency section */
		93FC7EB421EB8AE000104642 /* PBXTargetDependency */ = {
			isa = PBXTargetDependency;
			target = 93FC7E9A21EB8ADE00104642 /* MYOA */;
			targetProxy = 93FC7EB321EB8AE000104642 /* PBXContainerItemProxy */;
		};
/* End PBXTargetDependency section */

/* Begin PBXVariantGroup section */
		93FC7EA221EB8ADE00104642 /* Main.storyboard */ = {
			isa = PBXVariantGroup;
			children = (
				93FC7EA321EB8ADE00104642 /* Base */,
			);
			name = Main.storyboard;
			sourceTree = "<group>";
		};
		93FC7EAA21EB8AE000104642 /* LaunchScreen.storyboard */ = {
			isa = PBXVariantGroup;
			children = (
				93FC7EAB21EB8AE000104642 /* Base */,
			);
			name = LaunchScreen.storyboard;
			sourceTree = "<group>";
		};
/* End PBXVariantGroup section */

/* Begin XCBuildConfiguration section */
		93FC7EB921EB8AE000104642 /* Debug */ = {
			isa = XCBuildConfiguration;
			buildSettings = {
				ALWAYS_SEARCH_USER_PATHS = NO;
				CLANG_ANALYZER_NONNULL = YES;
				CLANG_ANALYZER_NUMBER_OBJECT_CONVERSION = YES_AGGRESSIVE;
				CLANG_CXX_LANGUAGE_STANDARD = "gnu++14";
				CLANG_CXX_LIBRARY = "libc++";
				CLANG_ENABLE_MODULES = YES;
				CLANG_ENABLE_OBJC_ARC = YES;
				CLANG_ENABLE_OBJC_WEAK = YES;
				CLANG_WARN_BLOCK_CAPTURE_AUTORELEASING = YES;
				CLANG_WARN_BOOL_CONVERSION = YES;
				CLANG_WARN_COMMA = YES;
				CLANG_WARN_CONSTANT_CONVERSION = YES;
				CLANG_WARN_DEPRECATED_OBJC_IMPLEMENTATIONS = YES;
				CLANG_WARN_DIRECT_OBJC_ISA_USAGE = YES_ERROR;
				CLANG_WARN_DOCUMENTATION_COMMENTS = YES;
				CLANG_WARN_EMPTY_BODY = YES;
				CLANG_WARN_ENUM_CONVERSION = YES;
				CLANG_WARN_INFINITE_RECURSION = YES;
				CLANG_WARN_INT_CONVERSION = YES;
				CLANG_WARN_NON_LITERAL_NULL_CONVERSION = YES;
				CLANG_WARN_OBJC_IMPLICIT_RETAIN_SELF = YES;
				CLANG_WARN_OBJC_LITERAL_CONVERSION = YES;
				CLANG_WARN_OBJC_ROOT_CLASS = YES_ERROR;
				CLANG_WARN_RANGE_LOOP_ANALYSIS = YES;
				CLANG_WARN_STRICT_PROTOTYPES = YES;
				CLANG_WARN_SUSPICIOUS_MOVE = YES;
				CLANG_WARN_UNGUARDED_AVAILABILITY = YES_AGGRESSIVE;
				CLANG_WARN_UNREACHABLE_CODE = YES;
				CLANG_WARN__DUPLICATE_METHOD_MATCH = YES;
				CODE_SIGN_IDENTITY = "iPhone Developer";
				COPY_PHASE_STRIP = NO;
				DEBUG_INFORMATION_FORMAT = dwarf;
				ENABLE_STRICT_OBJC_MSGSEND = YES;
				ENABLE_TESTABILITY = YES;
				GCC_C_LANGUAGE_STANDARD = gnu11;
				GCC_DYNAMIC_NO_PIC = NO;
				GCC_NO_COMMON_BLOCKS = YES;
				GCC_OPTIMIZATION_LEVEL = 0;
				GCC_PREPROCESSOR_DEFINITIONS = (
					"DEBUG=1",
					"$(inherited)",
				);
				GCC_WARN_64_TO_32_BIT_CONVERSION = YES;
				GCC_WARN_ABOUT_RETURN_TYPE = YES_ERROR;
				GCC_WARN_UNDECLARED_SELECTOR = YES;
				GCC_WARN_UNINITIALIZED_AUTOS = YES_AGGRESSIVE;
				GCC_WARN_UNUSED_FUNCTION = YES;
				GCC_WARN_UNUSED_VARIABLE = YES;
				IPHONEOS_DEPLOYMENT_TARGET = 12.1;
				MTL_ENABLE_DEBUG_INFO = INCLUDE_SOURCE;
				MTL_FAST_MATH = YES;
				ONLY_ACTIVE_ARCH = YES;
				SDKROOT = iphoneos;
				SWIFT_ACTIVE_COMPILATION_CONDITIONS = DEBUG;
				SWIFT_OPTIMIZATION_LEVEL = "-Onone";
			};
			name = Debug;
		};
		93FC7EBA21EB8AE000104642 /* Release */ = {
			isa = XCBuildConfiguration;
			buildSettings = {
				ALWAYS_SEARCH_USER_PATHS = NO;
				CLANG_ANALYZER_NONNULL = YES;
				CLANG_ANALYZER_NUMBER_OBJECT_CONVERSION = YES_AGGRESSIVE;
				CLANG_CXX_LANGUAGE_STANDARD = "gnu++14";
				CLANG_CXX_LIBRARY = "libc++";
				CLANG_ENABLE_MODULES = YES;
				CLANG_ENABLE_OBJC_ARC = YES;
				CLANG_ENABLE_OBJC_WEAK = YES;
				CLANG_WARN_BLOCK_CAPTURE_AUTORELEASING = YES;
				CLANG_WARN_BOOL_CONVERSION = YES;
				CLANG_WARN_COMMA = YES;
				CLANG_WARN_CONSTANT_CONVERSION = YES;
				CLANG_WARN_DEPRECATED_OBJC_IMPLEMENTATIONS = YES;
				CLANG_WARN_DIRECT_OBJC_ISA_USAGE = YES_ERROR;
				CLANG_WARN_DOCUMENTATION_COMMENTS = YES;
				CLANG_WARN_EMPTY_BODY = YES;
				CLANG_WARN_ENUM_CONVERSION = YES;
				CLANG_WARN_INFINITE_RECURSION = YES;
				CLANG_WARN_INT_CONVERSION = YES;
				CLANG_WARN_NON_LITERAL_NULL_CONVERSION = YES;
				CLANG_WARN_OBJC_IMPLICIT_RETAIN_SELF = YES;
				CLANG_WARN_OBJC_LITERAL_CONVERSION = YES;
				CLANG_WARN_OBJC_ROOT_CLASS = YES_ERROR;
				CLANG_WARN_RANGE_LOOP_ANALYSIS = YES;
				CLANG_WARN_STRICT_PROTOTYPES = YES;
				CLANG_WARN_SUSPICIOUS_MOVE = YES;
				CLANG_WARN_UNGUARDED_AVAILABILITY = YES_AGGRESSIVE;
				CLANG_WARN_UNREACHABLE_CODE = YES;
				CLANG_WARN__DUPLICATE_METHOD_MATCH = YES;
				CODE_SIGN_IDENTITY = "iPhone Developer";
				COPY_PHASE_STRIP = NO;
				DEBUG_INFORMATION_FORMAT = "dwarf-with-dsym";
				ENABLE_NS_ASSERTIONS = NO;
				ENABLE_STRICT_OBJC_MSGSEND = YES;
				GCC_C_LANGUAGE_STANDARD = gnu11;
				GCC_NO_COMMON_BLOCKS = YES;
				GCC_WARN_64_TO_32_BIT_CONVERSION = YES;
				GCC_WARN_ABOUT_RETURN_TYPE = YES_ERROR;
				GCC_WARN_UNDECLARED_SELECTOR = YES;
				GCC_WARN_UNINITIALIZED_AUTOS = YES_AGGRESSIVE;
				GCC_WARN_UNUSED_FUNCTION = YES;
				GCC_WARN_UNUSED_VARIABLE = YES;
				IPHONEOS_DEPLOYMENT_TARGET = 12.1;
				MTL_ENABLE_DEBUG_INFO = NO;
				MTL_FAST_MATH = YES;
				SDKROOT = iphoneos;
				SWIFT_COMPILATION_MODE = wholemodule;
				SWIFT_OPTIMIZATION_LEVEL = "-O";
				VALIDATE_PRODUCT = YES;
			};
			name = Release;
		};
		93FC7EBC21EB8AE000104642 /* Debug */ = {
			isa = XCBuildConfiguration;
			buildSettings = {
				ASSETCATALOG_COMPILER_APPICON_NAME = AppIcon;
				CODE_SIGN_STYLE = Automatic;
				INFOPLIST_FILE = MYOA/Info.plist;
				LD_RUNPATH_SEARCH_PATHS = (
					"$(inherited)",
					"@executable_path/Frameworks",
				);
				PRODUCT_BUNDLE_IDENTIFIER = com.udacity.MYOA;
				PRODUCT_NAME = "$(TARGET_NAME)";
				SWIFT_VERSION = 4.2;
				TARGETED_DEVICE_FAMILY = "1,2";
			};
			name = Debug;
		};
		93FC7EBD21EB8AE000104642 /* Release */ = {
			isa = XCBuildConfiguration;
			buildSettings = {
				ASSETCATALOG_COMPILER_APPICON_NAME = AppIcon;
				CODE_SIGN_STYLE = Automatic;
				INFOPLIST_FILE = MYOA/Info.plist;
				LD_RUNPATH_SEARCH_PATHS = (
					"$(inherited)",
					"@executable_path/Frameworks",
				);
				PRODUCT_BUNDLE_IDENTIFIER = com.udacity.MYOA;
				PRODUCT_NAME = "$(TARGET_NAME)";
				SWIFT_VERSION = 4.2;
				TARGETED_DEVICE_FAMILY = "1,2";
			};
			name = Release;
		};
		93FC7EBF21EB8AE000104642 /* Debug */ = {
			isa = XCBuildConfiguration;
			buildSettings = {
				ALWAYS_EMBED_SWIFT_STANDARD_LIBRARIES = YES;
				BUNDLE_LOADER = "$(TEST_HOST)";
				CODE_SIGN_STYLE = Automatic;
				INFOPLIST_FILE = MYOATests/Info.plist;
				LD_RUNPATH_SEARCH_PATHS = (
					"$(inherited)",
					"@executable_path/Frameworks",
					"@loader_path/Frameworks",
				);
				PRODUCT_BUNDLE_IDENTIFIER = com.udacity.MYOATests;
				PRODUCT_NAME = "$(TARGET_NAME)";
				SWIFT_VERSION = 4.2;
				TARGETED_DEVICE_FAMILY = "1,2";
				TEST_HOST = "$(BUILT_PRODUCTS_DIR)/MYOA.app/MYOA";
			};
			name = Debug;
		};
		93FC7EC021EB8AE000104642 /* Release */ = {
			isa = XCBuildConfiguration;
			buildSettings = {
				ALWAYS_EMBED_SWIFT_STANDARD_LIBRARIES = YES;
				BUNDLE_LOADER = "$(TEST_HOST)";
				CODE_SIGN_STYLE = Automatic;
				INFOPLIST_FILE = MYOATests/Info.plist;
				LD_RUNPATH_SEARCH_PATHS = (
					"$(inherited)",
					"@executable_path/Frameworks",
					"@loader_path/Frameworks",
				);
				PRODUCT_BUNDLE_IDENTIFIER = com.udacity.MYOATests;
				PRODUCT_NAME = "$(TARGET_NAME)";
				SWIFT_VERSION = 4.2;
				TARGETED_DEVICE_FAMILY = "1,2";
				TEST_HOST = "$(BUILT_PRODUCTS_DIR)/MYOA.app/MYOA";
			};
			name = Release;
		};
/* End XCBuildConfiguration section */

/* Begin XCConfigurationList section */
		93FC7E9621EB8ADE00104642 /* Build configuration list for PBXProject "MYOA" */ = {
			isa = XCConfigurationList;
			buildConfigurations = (
				93FC7EB921EB8AE000104642 /* Debug */,
				93FC7EBA21EB8AE000104642 /* Release */,
			);
			defaultConfigurationIsVisible = 0;
			defaultConfigurationName = Release;
		};
		93FC7EBB21EB8AE000104642 /* Build configuration list for PBXNativeTarget "MYOA" */ = {
			isa = XCConfigurationList;
			buildConfigurations = (
				93FC7EBC21EB8AE000104642 /* Debug */,
				93FC7EBD21EB8AE000104642 /* Release */,
			);
			defaultConfigurationIsVisible = 0;
			defaultConfigurationName = Release;
		};
		93FC7EBE21EB8AE000104642 /* Build configuration list for PBXNativeTarget "MYOATests" */ = {
			isa = XCConfigurationList;
			buildConfigurations = (
				93FC7EBF21EB8AE000104642 /* Debug */,
				93FC7EC021EB8AE000104642 /* Release */,
			);
			defaultConfigurationIsVisible = 0;
			defaultConfigurationName = Release;
		};
/* End XCConfigurationList section */

/* Begin XCVersionGroup section */
		93FC7EA521EB8ADE00104642 /* MYOA.xcdatamodeld */ = {
			isa = XCVersionGroup;
			children = (
				93FC7EA621EB8ADE00104642 /* MYOA.xcdatamodel */,
			);
			currentVersion = 93FC7EA621EB8ADE00104642 /* MYOA.xcdatamodel */;
			path = MYOA.xcdatamodeld;
			sourceTree = "<group>";
			versionGroupType = wrapper.xcdatamodel;
		};
/* End XCVersionGroup section */
	};
	rootObject = 93FC7E9321EB8ADE00104642 /* Project object */;
}
